
Microsoft Visual Studio Solution File, Format Version 12.00
# Visual Studio Version 17
VisualStudioVersion = 17.5.002.0
MinimumVisualStudioVersion = 10.0.40219.1
Project("{2150E333-8FDC-42A3-9474-1A3956D46DE8}") = "csharp-prep", "csharp-prep", "{C2EC87DC-FD6C-4AC7-A9AF-EE5EB171E7C7}"
EndProject
Project("{9A19103F-16F7-4668-BE54-9A1E7A4F7556}") = "Prep1", "csharp-prep\Prep1\Prep1.csproj", "{2EEE9D7F-21A3-4044-92EE-88D7A769C63C}"
EndProject
Project("{9A19103F-16F7-4668-BE54-9A1E7A4F7556}") = "Prep2", "csharp-prep\Prep2\Prep2.csproj", "{E602DD78-D321-4D29-9659-AE1A7E6C8E30}"
EndProject
Project("{9A19103F-16F7-4668-BE54-9A1E7A4F7556}") = "Prep3", "csharp-prep\Prep3\Prep3.csproj", "{06207D1D-EA26-4C77-8048-18136AD09A79}"
EndProject
Project("{9A19103F-16F7-4668-BE54-9A1E7A4F7556}") = "Prep4", "csharp-prep\Prep4\Prep4.csproj", "{651A5365-AF85-4ED6-8BCA-BDCCF7C26B7B}"
EndProject
Project("{9A19103F-16F7-4668-BE54-9A1E7A4F7556}") = "Prep5", "csharp-prep\Prep5\Prep5.csproj", "{7207C2F1-2E4E-4AAF-816D-09EBC3B489AA}"
EndProject
Project("{2150E333-8FDC-42A3-9474-1A3956D46DE8}") = "final", "final", "{71686C6E-B593-4809-9F80-E97D6320DFE4}"
EndProject
Project("{9A19103F-16F7-4668-BE54-9A1E7A4F7556}") = "FinalProject", "final\FinalProject\FinalProject.csproj", "{70807269-3840-4129-8E5F-9CA0EDD4BB66}"
EndProject
Project("{9A19103F-16F7-4668-BE54-9A1E7A4F7556}") = "Foundation1", "final\Foundation1\Foundation1.csproj", "{6541688F-9BC5-439E-97B0-99AEFF82AF31}"
EndProject
Project("{9A19103F-16F7-4668-BE54-9A1E7A4F7556}") = "Foundation2", "final\Foundation2\Foundation2.csproj", "{FC2B72A1-C667-4331-AC69-961AAFBC52EB}"
EndProject
Project("{9A19103F-16F7-4668-BE54-9A1E7A4F7556}") = "Foundation3", "final\Foundation3\Foundation3.csproj", "{D19619C7-B9D7-4548-A252-D3EB0A219850}"
EndProject
Project("{9A19103F-16F7-4668-BE54-9A1E7A4F7556}") = "Foundation4", "final\Foundation4\Foundation4.csproj", "{B53C3DDD-85AD-47D4-A23B-02296AE5AA1E}"
EndProject
Project("{2150E333-8FDC-42A3-9474-1A3956D46DE8}") = "prepare", "prepare", "{3C7264CC-52EB-4E81-9F0B-AEEF4512F84F}"
EndProject
Project("{9A19103F-16F7-4668-BE54-9A1E7A4F7556}") = "Learning02", "prepare\Learning02\Learning02.csproj", "{A7BC51AE-5774-4127-90F0-7B894632786D}"
EndProject
Project("{9A19103F-16F7-4668-BE54-9A1E7A4F7556}") = "Learning03", "prepare\Learning03\Learning03.csproj", "{1BA367A7-85B6-42DB-909B-ED76D4E8AB28}"
EndProject
Project("{9A19103F-16F7-4668-BE54-9A1E7A4F7556}") = "Learning04", "prepare\Learning04\Learning04.csproj", "{2C53CEB3-41A2-4C51-9751-F7D5B327577E}"
EndProject
Project("{9A19103F-16F7-4668-BE54-9A1E7A4F7556}") = "Learning05", "prepare\Learning05\Learning05.csproj", "{81DD831A-4BD3-4276-96E4-63AB42E0EE9E}"
EndProject
Project("{2150E333-8FDC-42A3-9474-1A3956D46DE8}") = "prove", "prove", "{D3E02E8E-8F9C-4382-B792-632D5EB717B3}"
EndProject
Project("{9A19103F-16F7-4668-BE54-9A1E7A4F7556}") = "Develop02", "prove\Develop02\Develop02.csproj", "{BA954FAF-163F-458F-939F-5471BB6B59E3}"
EndProject
Project("{9A19103F-16F7-4668-BE54-9A1E7A4F7556}") = "Develop03", "prove\Develop03\Develop03.csproj", "{F0ADFC0A-C15C-4893-A8FA-ABA32D24E0D4}"
EndProject
Project("{9A19103F-16F7-4668-BE54-9A1E7A4F7556}") = "Develop04", "prove\Develop04\Develop04.csproj", "{DAE6CC58-A59D-4EC1-BA37-B57A25083F4E}"
EndProject
Project("{9A19103F-16F7-4668-BE54-9A1E7A4F7556}") = "Develop05", "prove\Develop05\Develop05.csproj", "{14369C56-752E-4179-BE43-3646848A1016}"
EndProject
Project("{2150E333-8FDC-42A3-9474-1A3956D46DE8}") = "sandbox", "sandbox", "{656E523F-53A5-4BC8-8016-C8ED4D8E3ADF}"
EndProject
Project("{9A19103F-16F7-4668-BE54-9A1E7A4F7556}") = "Sandbox", "sandbox\Sandbox\Sandbox.csproj", "{9B57A18A-01E7-4307-B954-167C9A56D4C1}"
EndProject
Global
	GlobalSection(SolutionConfigurationPlatforms) = preSolution
		Debug|Any CPU = Debug|Any CPU
		Release|Any CPU = Release|Any CPU
	EndGlobalSection
	GlobalSection(ProjectConfigurationPlatforms) = postSolution
		{2EEE9D7F-21A3-4044-92EE-88D7A769C63C}.Debug|Any CPU.ActiveCfg = Debug|Any CPU
		{2EEE9D7F-21A3-4044-92EE-88D7A769C63C}.Debug|Any CPU.Build.0 = Debug|Any CPU
		{2EEE9D7F-21A3-4044-92EE-88D7A769C63C}.Release|Any CPU.ActiveCfg = Release|Any CPU
		{2EEE9D7F-21A3-4044-92EE-88D7A769C63C}.Release|Any CPU.Build.0 = Release|Any CPU
		{E602DD78-D321-4D29-9659-AE1A7E6C8E30}.Debug|Any CPU.ActiveCfg = Debug|Any CPU
		{E602DD78-D321-4D29-9659-AE1A7E6C8E30}.Debug|Any CPU.Build.0 = Debug|Any CPU
		{E602DD78-D321-4D29-9659-AE1A7E6C8E30}.Release|Any CPU.ActiveCfg = Release|Any CPU
		{E602DD78-D321-4D29-9659-AE1A7E6C8E30}.Release|Any CPU.Build.0 = Release|Any CPU
		{06207D1D-EA26-4C77-8048-18136AD09A79}.Debug|Any CPU.ActiveCfg = Debug|Any CPU
		{06207D1D-EA26-4C77-8048-18136AD09A79}.Debug|Any CPU.Build.0 = Debug|Any CPU
		{06207D1D-EA26-4C77-8048-18136AD09A79}.Release|Any CPU.ActiveCfg = Release|Any CPU
		{06207D1D-EA26-4C77-8048-18136AD09A79}.Release|Any CPU.Build.0 = Release|Any CPU
		{651A5365-AF85-4ED6-8BCA-BDCCF7C26B7B}.Debug|Any CPU.ActiveCfg = Debug|Any CPU
		{651A5365-AF85-4ED6-8BCA-BDCCF7C26B7B}.Debug|Any CPU.Build.0 = Debug|Any CPU
		{651A5365-AF85-4ED6-8BCA-BDCCF7C26B7B}.Release|Any CPU.ActiveCfg = Release|Any CPU
		{651A5365-AF85-4ED6-8BCA-BDCCF7C26B7B}.Release|Any CPU.Build.0 = Release|Any CPU
		{7207C2F1-2E4E-4AAF-816D-09EBC3B489AA}.Debug|Any CPU.ActiveCfg = Debug|Any CPU
		{7207C2F1-2E4E-4AAF-816D-09EBC3B489AA}.Debug|Any CPU.Build.0 = Debug|Any CPU
		{7207C2F1-2E4E-4AAF-816D-09EBC3B489AA}.Release|Any CPU.ActiveCfg = Release|Any CPU
		{7207C2F1-2E4E-4AAF-816D-09EBC3B489AA}.Release|Any CPU.Build.0 = Release|Any CPU
		{70807269-3840-4129-8E5F-9CA0EDD4BB66}.Debug|Any CPU.ActiveCfg = Debug|Any CPU
		{70807269-3840-4129-8E5F-9CA0EDD4BB66}.Debug|Any CPU.Build.0 = Debug|Any CPU
		{70807269-3840-4129-8E5F-9CA0EDD4BB66}.Release|Any CPU.ActiveCfg = Release|Any CPU
		{70807269-3840-4129-8E5F-9CA0EDD4BB66}.Release|Any CPU.Build.0 = Release|Any CPU
		{6541688F-9BC5-439E-97B0-99AEFF82AF31}.Debug|Any CPU.ActiveCfg = Debug|Any CPU
		{6541688F-9BC5-439E-97B0-99AEFF82AF31}.Debug|Any CPU.Build.0 = Debug|Any CPU
		{6541688F-9BC5-439E-97B0-99AEFF82AF31}.Release|Any CPU.ActiveCfg = Release|Any CPU
		{6541688F-9BC5-439E-97B0-99AEFF82AF31}.Release|Any CPU.Build.0 = Release|Any CPU
		{FC2B72A1-C667-4331-AC69-961AAFBC52EB}.Debug|Any CPU.ActiveCfg = Debug|Any CPU
		{FC2B72A1-C667-4331-AC69-961AAFBC52EB}.Debug|Any CPU.Build.0 = Debug|Any CPU
		{FC2B72A1-C667-4331-AC69-961AAFBC52EB}.Release|Any CPU.ActiveCfg = Release|Any CPU
		{FC2B72A1-C667-4331-AC69-961AAFBC52EB}.Release|Any CPU.Build.0 = Release|Any CPU
		{D19619C7-B9D7-4548-A252-D3EB0A219850}.Debug|Any CPU.ActiveCfg = Debug|Any CPU
		{D19619C7-B9D7-4548-A252-D3EB0A219850}.Debug|Any CPU.Build.0 = Debug|Any CPU
		{D19619C7-B9D7-4548-A252-D3EB0A219850}.Release|Any CPU.ActiveCfg = Release|Any CPU
		{D19619C7-B9D7-4548-A252-D3EB0A219850}.Release|Any CPU.Build.0 = Release|Any CPU
		{B53C3DDD-85AD-47D4-A23B-02296AE5AA1E}.Debug|Any CPU.ActiveCfg = Debug|Any CPU
		{B53C3DDD-85AD-47D4-A23B-02296AE5AA1E}.Debug|Any CPU.Build.0 = Debug|Any CPU
		{B53C3DDD-85AD-47D4-A23B-02296AE5AA1E}.Release|Any CPU.ActiveCfg = Release|Any CPU
		{B53C3DDD-85AD-47D4-A23B-02296AE5AA1E}.Release|Any CPU.Build.0 = Release|Any CPU
		{A7BC51AE-5774-4127-90F0-7B894632786D}.Debug|Any CPU.ActiveCfg = Debug|Any CPU
		{A7BC51AE-5774-4127-90F0-7B894632786D}.Debug|Any CPU.Build.0 = Debug|Any CPU
		{A7BC51AE-5774-4127-90F0-7B894632786D}.Release|Any CPU.ActiveCfg = Release|Any CPU
		{A7BC51AE-5774-4127-90F0-7B894632786D}.Release|Any CPU.Build.0 = Release|Any CPU
		{1BA367A7-85B6-42DB-909B-ED76D4E8AB28}.Debug|Any CPU.ActiveCfg = Debug|Any CPU
		{1BA367A7-85B6-42DB-909B-ED76D4E8AB28}.Debug|Any CPU.Build.0 = Debug|Any CPU
		{1BA367A7-85B6-42DB-909B-ED76D4E8AB28}.Release|Any CPU.ActiveCfg = Release|Any CPU
		{1BA367A7-85B6-42DB-909B-ED76D4E8AB28}.Release|Any CPU.Build.0 = Release|Any CPU
		{2C53CEB3-41A2-4C51-9751-F7D5B327577E}.Debug|Any CPU.ActiveCfg = Debug|Any CPU
		{2C53CEB3-41A2-4C51-9751-F7D5B327577E}.Debug|Any CPU.Build.0 = Debug|Any CPU
		{2C53CEB3-41A2-4C51-9751-F7D5B327577E}.Release|Any CPU.ActiveCfg = Release|Any CPU
		{2C53CEB3-41A2-4C51-9751-F7D5B327577E}.Release|Any CPU.Build.0 = Release|Any CPU
		{81DD831A-4BD3-4276-96E4-63AB42E0EE9E}.Debug|Any CPU.ActiveCfg = Debug|Any CPU
		{81DD831A-4BD3-4276-96E4-63AB42E0EE9E}.Debug|Any CPU.Build.0 = Debug|Any CPU
		{81DD831A-4BD3-4276-96E4-63AB42E0EE9E}.Release|Any CPU.ActiveCfg = Release|Any CPU
		{81DD831A-4BD3-4276-96E4-63AB42E0EE9E}.Release|Any CPU.Build.0 = Release|Any CPU
		{BA954FAF-163F-458F-939F-5471BB6B59E3}.Debug|Any CPU.ActiveCfg = Debug|Any CPU
		{BA954FAF-163F-458F-939F-5471BB6B59E3}.Debug|Any CPU.Build.0 = Debug|Any CPU
		{BA954FAF-163F-458F-939F-5471BB6B59E3}.Release|Any CPU.ActiveCfg = Release|Any CPU
		{BA954FAF-163F-458F-939F-5471BB6B59E3}.Release|Any CPU.Build.0 = Release|Any CPU
		{F0ADFC0A-C15C-4893-A8FA-ABA32D24E0D4}.Debug|Any CPU.ActiveCfg = Debug|Any CPU
		{F0ADFC0A-C15C-4893-A8FA-ABA32D24E0D4}.Debug|Any CPU.Build.0 = Debug|Any CPU
		{F0ADFC0A-C15C-4893-A8FA-ABA32D24E0D4}.Release|Any CPU.ActiveCfg = Release|Any CPU
		{F0ADFC0A-C15C-4893-A8FA-ABA32D24E0D4}.Release|Any CPU.Build.0 = Release|Any CPU
		{DAE6CC58-A59D-4EC1-BA37-B57A25083F4E}.Debug|Any CPU.ActiveCfg = Debug|Any CPU
		{DAE6CC58-A59D-4EC1-BA37-B57A25083F4E}.Debug|Any CPU.Build.0 = Debug|Any CPU
		{DAE6CC58-A59D-4EC1-BA37-B57A25083F4E}.Release|Any CPU.ActiveCfg = Release|Any CPU
		{DAE6CC58-A59D-4EC1-BA37-B57A25083F4E}.Release|Any CPU.Build.0 = Release|Any CPU
		{14369C56-752E-4179-BE43-3646848A1016}.Debug|Any CPU.ActiveCfg = Debug|Any CPU
		{14369C56-752E-4179-BE43-3646848A1016}.Debug|Any CPU.Build.0 = Debug|Any CPU
		{14369C56-752E-4179-BE43-3646848A1016}.Release|Any CPU.ActiveCfg = Release|Any CPU
		{14369C56-752E-4179-BE43-3646848A1016}.Release|Any CPU.Build.0 = Release|Any CPU
		{9B57A18A-01E7-4307-B954-167C9A56D4C1}.Debug|Any CPU.ActiveCfg = Debug|Any CPU
		{9B57A18A-01E7-4307-B954-167C9A56D4C1}.Debug|Any CPU.Build.0 = Debug|Any CPU
		{9B57A18A-01E7-4307-B954-167C9A56D4C1}.Release|Any CPU.ActiveCfg = Release|Any CPU
		{9B57A18A-01E7-4307-B954-167C9A56D4C1}.Release|Any CPU.Build.0 = Release|Any CPU
	EndGlobalSection
	GlobalSection(SolutionProperties) = preSolution
		HideSolutionNode = FALSE
	EndGlobalSection
	GlobalSection(NestedProjects) = preSolution
		{2EEE9D7F-21A3-4044-92EE-88D7A769C63C} = {C2EC87DC-FD6C-4AC7-A9AF-EE5EB171E7C7}
		{E602DD78-D321-4D29-9659-AE1A7E6C8E30} = {C2EC87DC-FD6C-4AC7-A9AF-EE5EB171E7C7}
		{06207D1D-EA26-4C77-8048-18136AD09A79} = {C2EC87DC-FD6C-4AC7-A9AF-EE5EB171E7C7}
		{651A5365-AF85-4ED6-8BCA-BDCCF7C26B7B} = {C2EC87DC-FD6C-4AC7-A9AF-EE5EB171E7C7}
		{7207C2F1-2E4E-4AAF-816D-09EBC3B489AA} = {C2EC87DC-FD6C-4AC7-A9AF-EE5EB171E7C7}
		{70807269-3840-4129-8E5F-9CA0EDD4BB66} = {71686C6E-B593-4809-9F80-E97D6320DFE4}
		{6541688F-9BC5-439E-97B0-99AEFF82AF31} = {71686C6E-B593-4809-9F80-E97D6320DFE4}
		{FC2B72A1-C667-4331-AC69-961AAFBC52EB} = {71686C6E-B593-4809-9F80-E97D6320DFE4}
		{D19619C7-B9D7-4548-A252-D3EB0A219850} = {71686C6E-B593-4809-9F80-E97D6320DFE4}
		{B53C3DDD-85AD-47D4-A23B-02296AE5AA1E} = {71686C6E-B593-4809-9F80-E97D6320DFE4}
		{A7BC51AE-5774-4127-90F0-7B894632786D} = {3C7264CC-52EB-4E81-9F0B-AEEF4512F84F}
		{1BA367A7-85B6-42DB-909B-ED76D4E8AB28} = {3C7264CC-52EB-4E81-9F0B-AEEF4512F84F}
		{2C53CEB3-41A2-4C51-9751-F7D5B327577E} = {3C7264CC-52EB-4E81-9F0B-AEEF4512F84F}
		{81DD831A-4BD3-4276-96E4-63AB42E0EE9E} = {3C7264CC-52EB-4E81-9F0B-AEEF4512F84F}
		{BA954FAF-163F-458F-939F-5471BB6B59E3} = {D3E02E8E-8F9C-4382-B792-632D5EB717B3}
		{F0ADFC0A-C15C-4893-A8FA-ABA32D24E0D4} = {D3E02E8E-8F9C-4382-B792-632D5EB717B3}
		{DAE6CC58-A59D-4EC1-BA37-B57A25083F4E} = {D3E02E8E-8F9C-4382-B792-632D5EB717B3}
		{14369C56-752E-4179-BE43-3646848A1016} = {D3E02E8E-8F9C-4382-B792-632D5EB717B3}
		{9B57A18A-01E7-4307-B954-167C9A56D4C1} = {656E523F-53A5-4BC8-8016-C8ED4D8E3ADF}
	EndGlobalSection
	GlobalSection(ExtensibilityGlobals) = postSolution
		SolutionGuid = {CA8A243F-7B58-4DDB-8C5D-BB1783F2624E}
	EndGlobalSection
EndGlobal
